{
  "name": "udp-port-proxy",
  "version": "1.0.0",
  "lockfileVersion": 1,
  "requires": true,
  "dependencies": {
    "udp-proxy": {
      "version": "1.2.0",
      "resolved": "https://registry.npmjs.org/udp-proxy/-/udp-proxy-1.2.0.tgz",
      "integrity": "sha512-LywoS+04QWFmxZxZUv/rl+soygXEo3HCIk1p0N1x395WmvT9RZI82nuVo7sKQX5C+khco5VU724BC6dGqhND3Q=="
    }
  }
}
